{
  "version": 4,
  "terraform_version": "1.5.7",
  "serial": 42,
  "lineage": "87bc74d8-db47-8bf4-3bf5-41ba42c71bfa",
  "outputs": {},
  "resources": [
    {
      "mode": "data",
      "type": "google_iam_policy",
      "name": "plx_service_account",
      "provider": "provider[\"registry.terraform.io/hashicorp/google\"]",
      "instances": [
        {
          "schema_version": 0,
          "attributes": {
            "audit_config": null,
            "binding": [
              {
                "condition": [],
                "members": [
                  "user:ikakeru@prod.google.com"
                ],
                "role": "roles/iam.serviceAccountUser"
              },
              {
                "condition": [],
                "members": [
                  "user:plx-security@prod.google.com"
                ],
                "role": "roles/iam.serviceAccountTokenCreator"
              }
            ],
            "id": "875281754",
            "policy_data": "{\"bindings\":[{\"members\":[\"user:plx-security@prod.google.com\"],\"role\":\"roles/iam.serviceAccountTokenCreator\"},{\"members\":[\"user:ikakeru@prod.google.com\"],\"role\":\"roles/iam.serviceAccountUser\"}]}"
          },
          "sensitive_attributes": []
        }
      ]
    },
    {
      "mode": "managed",
      "type": "google_bigquery_dataset",
      "name": "audit-dataset",
      "provider": "provider[\"registry.terraform.io/hashicorp/google\"]",
      "instances": [
        {
          "schema_version": 0,
          "attributes": {
            "access": [
              {
                "dataset": [],
                "domain": "",
                "group_by_email": "",
                "role": "OWNER",
                "routine": [],
                "special_group": "",
                "user_by_email": "ikakeru@google.com",
                "view": []
              },
              {
                "dataset": [],
                "domain": "",
                "group_by_email": "",
                "role": "WRITER",
                "routine": [],
                "special_group": "",
                "user_by_email": "cloud-logs@system.gserviceaccount.com",
                "view": []
              },
              {
                "dataset": [],
                "domain": "google.com",
                "group_by_email": "",
                "role": "READER",
                "routine": [],
                "special_group": "",
                "user_by_email": "",
                "view": []
              }
            ],
            "creation_time": 1671425992672,
            "dataset_id": "khi_audit",
            "default_encryption_configuration": [],
            "default_partition_expiration_ms": 0,
            "default_table_expiration_ms": 0,
            "delete_contents_on_destroy": false,
            "description": "A dataset stores artifact registry audit log data for monitoring KHI usage",
            "etag": "ns92xoCUAfAfkRcjaSVUXw==",
            "friendly_name": "Audit log sink for KHI",
            "id": "projects/kubernetes-history-inspector/datasets/khi_audit",
            "labels": {},
            "last_modified_time": 1671427830315,
            "location": "US",
            "max_time_travel_hours": "",
            "project": "kubernetes-history-inspector",
            "self_link": "https://bigquery.googleapis.com/bigquery/v2/projects/kubernetes-history-inspector/datasets/khi_audit",
            "timeouts": null
          },
          "sensitive_attributes": [],
          "private": "eyJlMmJmYjczMC1lY2FhLTExZTYtOGY4OC0zNDM2M2JjN2M0YzAiOnsiY3JlYXRlIjoxMjAwMDAwMDAwMDAwLCJkZWxldGUiOjEyMDAwMDAwMDAwMDAsInVwZGF0ZSI6MTIwMDAwMDAwMDAwMH19"
        }
      ]
    },
    {
      "mode": "managed",
      "type": "google_cloud_run_service_iam_binding",
      "name": "analytics-invoker",
      "provider": "provider[\"registry.terraform.io/hashicorp/google\"]",
      "instances": [
        {
          "schema_version": 0,
          "attributes": {
            "condition": [],
            "etag": "BwYS4ooxiyo=",
            "id": "v1/projects/kubernetes-history-inspector/locations/us-central1/services/khi-analytics/roles/run.invoker",
            "location": "us-central1",
            "members": [
              "domain:google.com",
              "domain:premium-cloud-support.com"
            ],
            "project": "kubernetes-history-inspector",
            "role": "roles/run.invoker",
            "service": "v1/projects/kubernetes-history-inspector/locations/us-central1/services/khi-analytics"
          },
          "sensitive_attributes": [],
          "private": "bnVsbA=="
        }
      ]
    },
    {
      "mode": "managed",
      "type": "google_logging_project_sink",
      "name": "artifact-registry-audit-logging-sink",
      "provider": "provider[\"registry.terraform.io/hashicorp/google\"]",
      "instances": [
        {
          "schema_version": 0,
          "attributes": {
            "bigquery_options": [],
            "description": "",
            "destination": "bigquery.googleapis.com/projects/kubernetes-history-inspector/datasets/khi_audit",
            "disabled": false,
            "exclusions": [],
            "filter": "protoPayload.serviceName=\"artifactregistry.googleapis.com\"",
            "id": "projects/kubernetes-history-inspector/sinks/artifact-registry-audit-logging-sink",
            "name": "artifact-registry-audit-logging-sink",
            "project": "kubernetes-history-inspector",
            "unique_writer_identity": false,
            "writer_identity": "serviceAccount:cloud-logs@system.gserviceaccount.com"
          },
          "sensitive_attributes": [],
          "private": "bnVsbA==",
          "dependencies": [
            "google_bigquery_dataset.audit-dataset"
          ]
        }
      ]
    },
    {
      "mode": "managed",
      "type": "google_project_iam_audit_config",
      "name": "artifact-registry-audit",
      "provider": "provider[\"registry.terraform.io/hashicorp/google\"]",
      "instances": [
        {
          "schema_version": 0,
          "attributes": {
            "audit_log_config": [
              {
                "exempted_members": [],
                "log_type": "ADMIN_READ"
              },
              {
                "exempted_members": [],
                "log_type": "DATA_READ"
              },
              {
                "exempted_members": [],
                "log_type": "DATA_WRITE"
              }
            ],
            "etag": "BwYVAgkpP3c=",
            "id": "kubernetes-history-inspector/audit_config/artifactregistry.googleapis.com",
            "project": "kubernetes-history-inspector",
            "service": "artifactregistry.googleapis.com"
          },
          "sensitive_attributes": [],
          "private": "bnVsbA=="
        }
      ]
    },
    {
      "mode": "managed",
      "type": "google_project_iam_binding",
      "name": "bq-reader",
      "provider": "provider[\"registry.terraform.io/hashicorp/google\"]",
      "instances": [
        {
          "schema_version": 0,
          "attributes": {
            "condition": [],
            "etag": "BwYVAgkpP3c=",
            "id": "kubernetes-history-inspector/roles/logging.privateLogViewer",
            "members": [
              "domain:google.com",
              "domain:premium-cloud-support.com",
              "serviceAccount:471017113462@cloudbuild.gserviceaccount.com"
            ],
            "project": "kubernetes-history-inspector",
            "role": "roles/logging.privateLogViewer"
          },
          "sensitive_attributes": [],
          "private": "bnVsbA=="
        }
      ]
    },
    {
      "mode": "managed",
      "type": "google_project_iam_binding",
      "name": "build-job-invoker",
      "provider": "provider[\"registry.terraform.io/hashicorp/google\"]",
      "instances": [
        {
          "schema_version": 0,
          "attributes": {
            "condition": [],
            "etag": "BwYVAgkpP3c=",
            "id": "kubernetes-history-inspector/roles/cloudbuild.builds.editor",
            "members": [
              "domain:google.com",
              "domain:premium-cloud-support.com"
            ],
            "project": "kubernetes-history-inspector",
            "role": "roles/cloudbuild.builds.editor"
          },
          "sensitive_attributes": [],
          "private": "bnVsbA=="
        }
      ]
    },
    {
      "mode": "managed",
      "type": "google_project_iam_binding",
      "name": "image-reader",
      "provider": "provider[\"registry.terraform.io/hashicorp/google\"]",
      "instances": [
        {
          "schema_version": 0,
          "attributes": {
            "condition": [],
            "etag": "BwYVAgkpP3c=",
            "id": "kubernetes-history-inspector/roles/artifactregistry.reader",
            "members": [
              "domain:google.com",
              "domain:premium-cloud-support.com",
              "serviceAccount:515136028509@cloudbuild.gserviceaccount.com"
            ],
            "project": "kubernetes-history-inspector",
            "role": "roles/artifactregistry.reader"
          },
          "sensitive_attributes": [],
          "private": "bnVsbA=="
        }
      ]
    },
    {
      "mode": "managed",
      "type": "google_project_iam_binding",
      "name": "logging-reader",
      "provider": "provider[\"registry.terraform.io/hashicorp/google\"]",
      "instances": [
        {
          "schema_version": 0,
          "attributes": {
            "condition": [],
            "etag": "BwYVAgkpP3c=",
            "id": "kubernetes-history-inspector/roles/logging.privateLogViewer",
            "members": [
              "domain:google.com",
              "domain:premium-cloud-support.com",
              "serviceAccount:471017113462@cloudbuild.gserviceaccount.com"
            ],
            "project": "kubernetes-history-inspector",
            "role": "roles/logging.privateLogViewer"
          },
          "sensitive_attributes": [],
          "private": "bnVsbA=="
        }
      ]
    },
    {
      "mode": "managed",
      "type": "google_project_iam_binding",
      "name": "project-editor",
      "provider": "provider[\"registry.terraform.io/hashicorp/google\"]",
      "instances": [
        {
          "schema_version": 0,
          "attributes": {
            "condition": [],
            "etag": "BwYVAgkpP3c=",
            "id": "kubernetes-history-inspector/roles/editor",
            "members": [
              "serviceAccount:22938676367@cloudservices.gserviceaccount.com",
              "user:ryunosukes@google.com",
              "user:takeie@google.com"
            ],
            "project": "kubernetes-history-inspector",
            "role": "roles/editor"
          },
          "sensitive_attributes": [],
          "private": "bnVsbA=="
        }
      ]
    },
    {
      "mode": "managed",
      "type": "google_project_iam_binding",
      "name": "project-ownwer",
      "provider": "provider[\"registry.terraform.io/hashicorp/google\"]",
      "instances": [
        {
          "schema_version": 0,
          "attributes": {
            "condition": [],
            "etag": "BwYVAgkpP3c=",
            "id": "kubernetes-history-inspector/roles/owner",
            "members": [
              "user:ikakeru@google.com"
            ],
            "project": "kubernetes-history-inspector",
            "role": "roles/owner"
          },
          "sensitive_attributes": [],
          "private": "bnVsbA=="
        }
      ]
    },
    {
      "mode": "managed",
      "type": "google_project_iam_member",
      "name": "khi_testing_service_account_data_viewer",
      "provider": "provider[\"registry.terraform.io/hashicorp/google\"]",
      "instances": [
        {
          "schema_version": 0,
          "attributes": {
            "condition": [],
            "etag": "BwYVCanGGlk=",
            "id": "kubernetes-history-inspector/roles/bigquery.dataEditor/serviceAccount:composer-env-account@khi-testing.iam.gserviceaccount.com",
            "member": "serviceAccount:composer-env-account@khi-testing.iam.gserviceaccount.com",
            "project": "kubernetes-history-inspector",
            "role": "roles/bigquery.dataEditor"
          },
          "sensitive_attributes": [],
          "private": "bnVsbA=="
        }
      ]
    },
    {
      "mode": "managed",
      "type": "google_project_iam_member",
      "name": "khi_testing_service_account_job_user",
      "provider": "provider[\"registry.terraform.io/hashicorp/google\"]",
      "instances": [
        {
          "schema_version": 0,
          "attributes": {
            "condition": [],
            "etag": "BwYVCanGGlk=",
            "id": "kubernetes-history-inspector/roles/bigquery.jobUser/serviceAccount:composer-env-account@khi-testing.iam.gserviceaccount.com",
            "member": "serviceAccount:composer-env-account@khi-testing.iam.gserviceaccount.com",
            "project": "kubernetes-history-inspector",
            "role": "roles/bigquery.jobUser"
          },
          "sensitive_attributes": [],
          "private": "bnVsbA=="
        }
      ]
    },
    {
      "mode": "managed",
      "type": "google_project_iam_member",
      "name": "plx_service_account_data_viewer",
      "provider": "provider[\"registry.terraform.io/hashicorp/google\"]",
      "instances": [
        {
          "schema_version": 0,
          "attributes": {
            "condition": [],
            "etag": "BwYVAgkpP3c=",
            "id": "kubernetes-history-inspector/roles/bigquery.dataEditor/serviceAccount:plx-service-account@kubernetes-history-inspector.iam.gserviceaccount.com",
            "member": "serviceAccount:plx-service-account@kubernetes-history-inspector.iam.gserviceaccount.com",
            "project": "kubernetes-history-inspector",
            "role": "roles/bigquery.dataEditor"
          },
          "sensitive_attributes": [],
          "private": "bnVsbA==",
          "dependencies": [
            "google_service_account.plx_service_account"
          ]
        }
      ]
    },
    {
      "mode": "managed",
      "type": "google_project_iam_member",
      "name": "plx_service_account_job_user",
      "provider": "provider[\"registry.terraform.io/hashicorp/google\"]",
      "instances": [
        {
          "schema_version": 0,
          "attributes": {
            "condition": [],
            "etag": "BwYVAgkpP3c=",
            "id": "kubernetes-history-inspector/roles/bigquery.jobUser/serviceAccount:plx-service-account@kubernetes-history-inspector.iam.gserviceaccount.com",
            "member": "serviceAccount:plx-service-account@kubernetes-history-inspector.iam.gserviceaccount.com",
            "project": "kubernetes-history-inspector",
            "role": "roles/bigquery.jobUser"
          },
          "sensitive_attributes": [],
          "private": "bnVsbA==",
          "dependencies": [
            "google_service_account.plx_service_account"
          ]
        }
      ]
    },
    {
      "mode": "managed",
      "type": "google_service_account",
      "name": "plx_service_account",
      "provider": "provider[\"registry.terraform.io/hashicorp/google\"]",
      "instances": [
        {
          "schema_version": 0,
          "attributes": {
            "account_id": "plx-service-account",
            "description": "",
            "disabled": false,
            "display_name": "Service account for fetching BigQuery data in PLX",
            "email": "plx-service-account@kubernetes-history-inspector.iam.gserviceaccount.com",
            "id": "projects/kubernetes-history-inspector/serviceAccounts/plx-service-account@kubernetes-history-inspector.iam.gserviceaccount.com",
            "member": "serviceAccount:plx-service-account@kubernetes-history-inspector.iam.gserviceaccount.com",
            "name": "projects/kubernetes-history-inspector/serviceAccounts/plx-service-account@kubernetes-history-inspector.iam.gserviceaccount.com",
            "project": "kubernetes-history-inspector",
            "timeouts": null,
            "unique_id": "110040806411053365218"
          },
          "sensitive_attributes": [],
          "private": "eyJlMmJmYjczMC1lY2FhLTExZTYtOGY4OC0zNDM2M2JjN2M0YzAiOnsiY3JlYXRlIjozMDAwMDAwMDAwMDB9fQ=="
        }
      ]
    },
    {
      "mode": "managed",
      "type": "google_service_account",
      "name": "service_account",
      "provider": "provider[\"registry.terraform.io/hashicorp/google\"]",
      "instances": [
        {
          "schema_version": 0,
          "attributes": {
            "account_id": "audit-bq-writer",
            "description": "",
            "disabled": false,
            "display_name": "Cloud Logging Sink router Service account",
            "email": "audit-bq-writer@kubernetes-history-inspector.iam.gserviceaccount.com",
            "id": "projects/kubernetes-history-inspector/serviceAccounts/audit-bq-writer@kubernetes-history-inspector.iam.gserviceaccount.com",
            "member": "serviceAccount:audit-bq-writer@kubernetes-history-inspector.iam.gserviceaccount.com",
            "name": "projects/kubernetes-history-inspector/serviceAccounts/audit-bq-writer@kubernetes-history-inspector.iam.gserviceaccount.com",
            "project": "kubernetes-history-inspector",
            "timeouts": null,
            "unique_id": "113404684345472743788"
          },
          "sensitive_attributes": [],
          "private": "eyJlMmJmYjczMC1lY2FhLTExZTYtOGY4OC0zNDM2M2JjN2M0YzAiOnsiY3JlYXRlIjozMDAwMDAwMDAwMDB9fQ=="
        }
      ]
    },
    {
      "mode": "managed",
      "type": "google_service_account_iam_policy",
      "name": "plx_service_account",
      "provider": "provider[\"registry.terraform.io/hashicorp/google\"]",
      "instances": [
        {
          "schema_version": 0,
          "attributes": {
            "etag": "BwYUx0xecQo=",
            "id": "projects/kubernetes-history-inspector/serviceAccounts/plx-service-account@kubernetes-history-inspector.iam.gserviceaccount.com",
            "policy_data": "{\"bindings\":[{\"members\":[\"user:plx-security@prod.google.com\"],\"role\":\"roles/iam.serviceAccountTokenCreator\"},{\"members\":[\"user:ikakeru@prod.google.com\"],\"role\":\"roles/iam.serviceAccountUser\"}]}",
            "service_account_id": "projects/kubernetes-history-inspector/serviceAccounts/plx-service-account@kubernetes-history-inspector.iam.gserviceaccount.com"
          },
          "sensitive_attributes": [],
          "private": "bnVsbA==",
          "dependencies": [
            "data.google_iam_policy.plx_service_account",
            "google_service_account.plx_service_account"
          ]
        }
      ]
    }
  ],
  "check_results": null
}
